// !$*UTF8*$!
{
	archiveVersion = 1;
	classes = {
	};
	objectVersion = 46;
	objects = {

/* Begin PBXBuildFile section */
		00E356F31AD99517003FC87E /* ClubeDoCavaloTests.m in Sources */ = {isa = PBXBuildFile; fileRef = 00E356F21AD99517003FC87E /* ClubeDoCavaloTests.m */; };
		13B07FBC1A68108700A75B9A /* AppDelegate.m in Sources */ = {isa = PBXBuildFile; fileRef = 13B07FB01A68108700A75B9A /* AppDelegate.m */; };
		13B07FBD1A68108700A75B9A /* LaunchScreen.xib in Resources */ = {isa = PBXBuildFile; fileRef = 13B07FB11A68108700A75B9A /* LaunchScreen.xib */; };
		13B07FBF1A68108700A75B9A /* Images.xcassets in Resources */ = {isa = PBXBuildFile; fileRef = 13B07FB51A68108700A75B9A /* Images.xcassets */; };
		13B07FC11A68108700A75B9A /* main.m in Sources */ = {isa = PBXBuildFile; fileRef = 13B07FB71A68108700A75B9A /* main.m */; };
		2D02E4BC1E0B4A80006451C7 /* AppDelegate.m in Sources */ = {isa = PBXBuildFile; fileRef = 13B07FB01A68108700A75B9A /* AppDelegate.m */; };
		2D02E4BD1E0B4A84006451C7 /* Images.xcassets in Resources */ = {isa = PBXBuildFile; fileRef = 13B07FB51A68108700A75B9A /* Images.xcassets */; };
		2D02E4BF1E0B4AB3006451C7 /* main.m in Sources */ = {isa = PBXBuildFile; fileRef = 13B07FB71A68108700A75B9A /* main.m */; };
		2DCD954D1E0B4F2C00145EB5 /* ClubeDoCavaloTests.m in Sources */ = {isa = PBXBuildFile; fileRef = 00E356F21AD99517003FC87E /* ClubeDoCavaloTests.m */; };
		022BAB6ABC2B4A3EB571C017 /* Andis.otf in Resources */ = {isa = PBXBuildFile; fileRef = BC9C0238F8CA4C039B7720A9 /* Andis.otf */; };
		E4A684DE6FD0455AA18A53BE /* Art Plot.otf in Resources */ = {isa = PBXBuildFile; fileRef = B69FA5BD72B042E597452846 /* Art Plot.otf */; };
		E29844B3DBEC41ABB5FFD3E7 /* Carily.otf in Resources */ = {isa = PBXBuildFile; fileRef = 3598FB21A3D040B983326A62 /* Carily.otf */; };
		BDB9340BE79F44D09315A34A /* Cinzel.otf in Resources */ = {isa = PBXBuildFile; fileRef = A014E3CB0A8E436FAC8D7281 /* Cinzel.otf */; };
		0A2D9A20866843F98170967B /* Dancing Script OT.otf in Resources */ = {isa = PBXBuildFile; fileRef = 91F18BB455294178B34F1CE5 /* Dancing Script OT.otf */; };
		F4F35EF9BE2343A0853D9B8D /* Exo 2.otf in Resources */ = {isa = PBXBuildFile; fileRef = B6A844DF918B4F28877E409B /* Exo 2.otf */; };
		E3B295EF94CA422C8A12B81D /* Hunting.otf in Resources */ = {isa = PBXBuildFile; fileRef = C4C339696DF24290B25BFDFD /* Hunting.otf */; };
		5408EE4291144865A95CA03B /* League Gothic.otf in Resources */ = {isa = PBXBuildFile; fileRef = 66A684586DAA46EA8AD61310 /* League Gothic.otf */; };
		F11E016AE02F41D19C0820BD /* Learning Curve.otf in Resources */ = {isa = PBXBuildFile; fileRef = FB84A94C8B67401BB965AA92 /* Learning Curve.otf */; };
		62E6D84B0BBE437DAA626CF3 /* Montserrat.otf in Resources */ = {isa = PBXBuildFile; fileRef = 7EEA33873CC54208A6A02F74 /* Montserrat.otf */; };
		A2BA78F111A24F47B3A64DB6 /* Oswald.otf in Resources */ = {isa = PBXBuildFile; fileRef = 08C2D6095F514D5AB28144D0 /* Oswald.otf */; };
		B1B26A149E664A539A7E630C /* Poppins.otf in Resources */ = {isa = PBXBuildFile; fileRef = 23CA6A3B6ECC4B24AF00443A /* Poppins.otf */; };
		DDD1FF76104F49D792DFDA76 /* Rotulona Hand.otf in Resources */ = {isa = PBXBuildFile; fileRef = C609760AFEEB434586CB65EF /* Rotulona Hand.otf */; };
		DA603F59AD0848589BFA4777 /* Shopie.otf in Resources */ = {isa = PBXBuildFile; fileRef = BBB66C1704DD4DCA9E8A497E /* Shopie.otf */; };
		C454CD84A6DD4C388358BBCC /* Sofia.otf in Resources */ = {isa = PBXBuildFile; fileRef = 4D39894A7AF141DE90B2007F /* Sofia.otf */; };
		44EEED9C7F924DD2B3DE8B53 /* Source Sans Pro.otf in Resources */ = {isa = PBXBuildFile; fileRef = A1AF7285936943DBAE767D56 /* Source Sans Pro.otf */; };
		65663627AF9D48189AFDCD9E /* Titillium.otf in Resources */ = {isa = PBXBuildFile; fileRef = 9C08AA3C05B746AA9788C5ED /* Titillium.otf */; };
		B5CD02C0EA644E09AA4BAA08 /* AntDesign.ttf in Resources */ = {isa = PBXBuildFile; fileRef = 42FFA08324F44292B317DAEA /* AntDesign.ttf */; };
		977622EDCEA74281A9CFC374 /* Entypo.ttf in Resources */ = {isa = PBXBuildFile; fileRef = 191DB6C23E34478BA9453DEF /* Entypo.ttf */; };
		872CAD93CF2341A2AF08C00C /* EvilIcons.ttf in Resources */ = {isa = PBXBuildFile; fileRef = 8B64F697AB284D7B999D3E73 /* EvilIcons.ttf */; };
		B1F753F246424F7A8DBD1B65 /* Feather.ttf in Resources */ = {isa = PBXBuildFile; fileRef = C578D9166B764DD6AC5C0E60 /* Feather.ttf */; };
		B89BA1D38C684801ACBA0367 /* FontAwesome.ttf in Resources */ = {isa = PBXBuildFile; fileRef = 7E60C75853E74D85AAC37F03 /* FontAwesome.ttf */; };
		F069AD5538E248518A92E566 /* FontAwesome5_Brands.ttf in Resources */ = {isa = PBXBuildFile; fileRef = 4A090CF21FC042FA860E72C0 /* FontAwesome5_Brands.ttf */; };
		1B2C9C81BBD64F0A896296EF /* FontAwesome5_Regular.ttf in Resources */ = {isa = PBXBuildFile; fileRef = F70F1710782A4AE2B56E95D0 /* FontAwesome5_Regular.ttf */; };
		A7D2C77E778C40398454D40F /* FontAwesome5_Solid.ttf in Resources */ = {isa = PBXBuildFile; fileRef = 0EEB9BC7E4AE47FFB42AAA0A /* FontAwesome5_Solid.ttf */; };
		930957C64F874CA4B5B93EA4 /* Fontisto.ttf in Resources */ = {isa = PBXBuildFile; fileRef = 81D7B7F596424B74937D7623 /* Fontisto.ttf */; };
		1439083D2E4E4BB3A21BC07A /* Foundation.ttf in Resources */ = {isa = PBXBuildFile; fileRef = 617E4EA0DBFC45D688264BE9 /* Foundation.ttf */; };
		D4002D40AA0244848AB6E944 /* Ionicons.ttf in Resources */ = {isa = PBXBuildFile; fileRef = BC18A79A6DD849FC9487CBE7 /* Ionicons.ttf */; };
		9484E820FB0640E181A39594 /* MaterialCommunityIcons.ttf in Resources */ = {isa = PBXBuildFile; fileRef = 68901BAB904D49D3ACE38EC5 /* MaterialCommunityIcons.ttf */; };
		C3D1B1768D4443EFA44DA439 /* MaterialIcons.ttf in Resources */ = {isa = PBXBuildFile; fileRef = 1A9E5A76DAE644B79306C535 /* MaterialIcons.ttf */; };
		13DA1DDC9D5044018A224563 /* Octicons.ttf in Resources */ = {isa = PBXBuildFile; fileRef = D8024D1572CC48F2A8EF5AFA /* Octicons.ttf */; };
		15DC8AF593CA442083C309AF /* SimpleLineIcons.ttf in Resources */ = {isa = PBXBuildFile; fileRef = BF57EDB9FE33432486A078D5 /* SimpleLineIcons.ttf */; };
		61DA8C557E95424CAC7EE6A0 /* Zocial.ttf in Resources */ = {isa = PBXBuildFile; fileRef = 8BA6813467D84392B76105A9 /* Zocial.ttf */; };
/* End PBXBuildFile section */

/* Begin PBXContainerItemProxy section */
		00E356F41AD99517003FC87E /* PBXContainerItemProxy */ = {
			isa = PBXContainerItemProxy;
			containerPortal = 83CBB9F71A601CBA00E9B192 /* Project object */;
			proxyType = 1;
			remoteGlobalIDString = 13B07F861A680F5B00A75B9A;
			remoteInfo = ClubeDoCavalo;
		};
		2D02E4911E0B4A5D006451C7 /* PBXContainerItemProxy */ = {
			isa = PBXContainerItemProxy;
			containerPortal = 83CBB9F71A601CBA00E9B192 /* Project object */;
			proxyType = 1;
			remoteGlobalIDString = 2D02E47A1E0B4A5D006451C7;
			remoteInfo = "ClubeDoCavalo-tvOS";
		};
/* End PBXContainerItemProxy section */

/* Begin PBXFileReference section */
		008F07F21AC5B25A0029DE68 /* main.jsbundle */ = {isa = PBXFileReference; fileEncoding = 4; lastKnownFileType = text; path = main.jsbundle; sourceTree = "<group>"; };
		00E356EE1AD99517003FC87E /* ClubeDoCavaloTests.xctest */ = {isa = PBXFileReference; explicitFileType = wrapper.cfbundle; includeInIndex = 0; path = ClubeDoCavaloTests.xctest; sourceTree = BUILT_PRODUCTS_DIR; };
		00E356F11AD99517003FC87E /* Info.plist */ = {isa = PBXFileReference; lastKnownFileType = text.plist.xml; path = Info.plist; sourceTree = "<group>"; };
		00E356F21AD99517003FC87E /* ClubeDoCavaloTests.m */ = {isa = PBXFileReference; lastKnownFileType = sourcecode.c.objc; path = ClubeDoCavaloTests.m; sourceTree = "<group>"; };
		13B07F961A680F5B00A75B9A /* ClubeDoCavalo.app */ = {isa = PBXFileReference; explicitFileType = wrapper.application; includeInIndex = 0; path = ClubeDoCavalo.app; sourceTree = BUILT_PRODUCTS_DIR; };
		13B07FAF1A68108700A75B9A /* AppDelegate.h */ = {isa = PBXFileReference; fileEncoding = 4; lastKnownFileType = sourcecode.c.h; name = AppDelegate.h; path = ClubeDoCavalo/AppDelegate.h; sourceTree = "<group>"; };
		13B07FB01A68108700A75B9A /* AppDelegate.m */ = {isa = PBXFileReference; fileEncoding = 4; lastKnownFileType = sourcecode.c.objc; name = AppDelegate.m; path = ClubeDoCavalo/AppDelegate.m; sourceTree = "<group>"; };
		13B07FB21A68108700A75B9A /* Base */ = {isa = PBXFileReference; lastKnownFileType = file.xib; name = Base; path = Base.lproj/LaunchScreen.xib; sourceTree = "<group>"; };
		13B07FB51A68108700A75B9A /* Images.xcassets */ = {isa = PBXFileReference; lastKnownFileType = folder.assetcatalog; name = Images.xcassets; path = ClubeDoCavalo/Images.xcassets; sourceTree = "<group>"; };
		13B07FB61A68108700A75B9A /* Info.plist */ = {isa = PBXFileReference; fileEncoding = 4; lastKnownFileType = text.plist.xml; name = Info.plist; path = ClubeDoCavalo/Info.plist; sourceTree = "<group>"; };
		13B07FB71A68108700A75B9A /* main.m */ = {isa = PBXFileReference; fileEncoding = 4; lastKnownFileType = sourcecode.c.objc; name = main.m; path = ClubeDoCavalo/main.m; sourceTree = "<group>"; };
		2D02E47B1E0B4A5D006451C7 /* ClubeDoCavalo-tvOS.app */ = {isa = PBXFileReference; explicitFileType = wrapper.application; includeInIndex = 0; path = "ClubeDoCavalo-tvOS.app"; sourceTree = BUILT_PRODUCTS_DIR; };
		2D02E4901E0B4A5D006451C7 /* ClubeDoCavalo-tvOSTests.xctest */ = {isa = PBXFileReference; explicitFileType = wrapper.cfbundle; includeInIndex = 0; path = "ClubeDoCavalo-tvOSTests.xctest"; sourceTree = BUILT_PRODUCTS_DIR; };
		ED297162215061F000B7C4FE /* JavaScriptCore.framework */ = {isa = PBXFileReference; lastKnownFileType = wrapper.framework; name = JavaScriptCore.framework; path = System/Library/Frameworks/JavaScriptCore.framework; sourceTree = SDKROOT; };
		ED2971642150620600B7C4FE /* JavaScriptCore.framework */ = {isa = PBXFileReference; lastKnownFileType = wrapper.framework; name = JavaScriptCore.framework; path = Platforms/AppleTVOS.platform/Developer/SDKs/AppleTVOS12.0.sdk/System/Library/Frameworks/JavaScriptCore.framework; sourceTree = DEVELOPER_DIR; };
<<<<<<< HEAD
		44753A42C93C4B74B8755F73 /* Andis.otf */ = {isa = PBXFileReference; name = "Andis.otf"; path = "../assets/fonts/Andis.otf"; sourceTree = "<group>"; fileEncoding = undefined; lastKnownFileType = unknown; explicitFileType = undefined; includeInIndex = 0; };
		33E138C56F044EFAA9B16ECD /* Art Plot.otf */ = {isa = PBXFileReference; name = "Art Plot.otf"; path = "../assets/fonts/Art Plot.otf"; sourceTree = "<group>"; fileEncoding = undefined; lastKnownFileType = unknown; explicitFileType = undefined; includeInIndex = 0; };
		861068B392DE4AE4BB298D9D /* Carily.otf */ = {isa = PBXFileReference; name = "Carily.otf"; path = "../assets/fonts/Carily.otf"; sourceTree = "<group>"; fileEncoding = undefined; lastKnownFileType = unknown; explicitFileType = undefined; includeInIndex = 0; };
		FB709AA91A5E4C538B31B57F /* Cinzel.otf */ = {isa = PBXFileReference; name = "Cinzel.otf"; path = "../assets/fonts/Cinzel.otf"; sourceTree = "<group>"; fileEncoding = undefined; lastKnownFileType = unknown; explicitFileType = undefined; includeInIndex = 0; };
		B84FBDD93BC64936B269D423 /* Dancing Script OT.otf */ = {isa = PBXFileReference; name = "Dancing Script OT.otf"; path = "../assets/fonts/Dancing Script OT.otf"; sourceTree = "<group>"; fileEncoding = undefined; lastKnownFileType = unknown; explicitFileType = undefined; includeInIndex = 0; };
		D633F7D7ED714B45A94053A9 /* Exo 2.otf */ = {isa = PBXFileReference; name = "Exo 2.otf"; path = "../assets/fonts/Exo 2.otf"; sourceTree = "<group>"; fileEncoding = undefined; lastKnownFileType = unknown; explicitFileType = undefined; includeInIndex = 0; };
		4309CCFD62594B7EB4FFF569 /* Hunting.otf */ = {isa = PBXFileReference; name = "Hunting.otf"; path = "../assets/fonts/Hunting.otf"; sourceTree = "<group>"; fileEncoding = undefined; lastKnownFileType = unknown; explicitFileType = undefined; includeInIndex = 0; };
		8F0F68F821854ED38C92673F /* League Gothic.otf */ = {isa = PBXFileReference; name = "League Gothic.otf"; path = "../assets/fonts/League Gothic.otf"; sourceTree = "<group>"; fileEncoding = undefined; lastKnownFileType = unknown; explicitFileType = undefined; includeInIndex = 0; };
		8140671757874618B7CE476B /* Learning Curve.otf */ = {isa = PBXFileReference; name = "Learning Curve.otf"; path = "../assets/fonts/Learning Curve.otf"; sourceTree = "<group>"; fileEncoding = undefined; lastKnownFileType = unknown; explicitFileType = undefined; includeInIndex = 0; };
		3F188D7747E54D62BF8F1255 /* Montserrat.otf */ = {isa = PBXFileReference; name = "Montserrat.otf"; path = "../assets/fonts/Montserrat.otf"; sourceTree = "<group>"; fileEncoding = undefined; lastKnownFileType = unknown; explicitFileType = undefined; includeInIndex = 0; };
		A0C2252E66044F4EA766DC04 /* Oswald.otf */ = {isa = PBXFileReference; name = "Oswald.otf"; path = "../assets/fonts/Oswald.otf"; sourceTree = "<group>"; fileEncoding = undefined; lastKnownFileType = unknown; explicitFileType = undefined; includeInIndex = 0; };
		F5533CA3BAE74A5C8808B69A /* Poppins.otf */ = {isa = PBXFileReference; name = "Poppins.otf"; path = "../assets/fonts/Poppins.otf"; sourceTree = "<group>"; fileEncoding = undefined; lastKnownFileType = unknown; explicitFileType = undefined; includeInIndex = 0; };
		AE357EB4026F407AB98452E0 /* Rotulona Hand.otf */ = {isa = PBXFileReference; name = "Rotulona Hand.otf"; path = "../assets/fonts/Rotulona Hand.otf"; sourceTree = "<group>"; fileEncoding = undefined; lastKnownFileType = unknown; explicitFileType = undefined; includeInIndex = 0; };
		BCD4B5F0782B4AA5867CCC6A /* Shopie.otf */ = {isa = PBXFileReference; name = "Shopie.otf"; path = "../assets/fonts/Shopie.otf"; sourceTree = "<group>"; fileEncoding = undefined; lastKnownFileType = unknown; explicitFileType = undefined; includeInIndex = 0; };
		D3978EFF7BEA43EF8AFF1B59 /* Sofia.otf */ = {isa = PBXFileReference; name = "Sofia.otf"; path = "../assets/fonts/Sofia.otf"; sourceTree = "<group>"; fileEncoding = undefined; lastKnownFileType = unknown; explicitFileType = undefined; includeInIndex = 0; };
		1763C1F6F61F45D8A7969A6B /* Source Sans Pro.otf */ = {isa = PBXFileReference; name = "Source Sans Pro.otf"; path = "../assets/fonts/Source Sans Pro.otf"; sourceTree = "<group>"; fileEncoding = undefined; lastKnownFileType = unknown; explicitFileType = undefined; includeInIndex = 0; };
		5F34744ABC934AB989921181 /* Titillium.otf */ = {isa = PBXFileReference; name = "Titillium.otf"; path = "../assets/fonts/Titillium.otf"; sourceTree = "<group>"; fileEncoding = undefined; lastKnownFileType = unknown; explicitFileType = undefined; includeInIndex = 0; };
		F58801F5F5BD49EBAFCD35C6 /* AntDesign.ttf */ = {isa = PBXFileReference; name = "AntDesign.ttf"; path = "../node_modules/react-native-vector-icons/Fonts/AntDesign.ttf"; sourceTree = "<group>"; fileEncoding = undefined; lastKnownFileType = unknown; explicitFileType = undefined; includeInIndex = 0; };
		1287F772546643008D8D1155 /* Entypo.ttf */ = {isa = PBXFileReference; name = "Entypo.ttf"; path = "../node_modules/react-native-vector-icons/Fonts/Entypo.ttf"; sourceTree = "<group>"; fileEncoding = undefined; lastKnownFileType = unknown; explicitFileType = undefined; includeInIndex = 0; };
		D13D17F473CF4FF18E1300CE /* EvilIcons.ttf */ = {isa = PBXFileReference; name = "EvilIcons.ttf"; path = "../node_modules/react-native-vector-icons/Fonts/EvilIcons.ttf"; sourceTree = "<group>"; fileEncoding = undefined; lastKnownFileType = unknown; explicitFileType = undefined; includeInIndex = 0; };
		68404F6589AC4717AE5B9171 /* Feather.ttf */ = {isa = PBXFileReference; name = "Feather.ttf"; path = "../node_modules/react-native-vector-icons/Fonts/Feather.ttf"; sourceTree = "<group>"; fileEncoding = undefined; lastKnownFileType = unknown; explicitFileType = undefined; includeInIndex = 0; };
		1EE3F5597CBE4F0681FD5F08 /* FontAwesome.ttf */ = {isa = PBXFileReference; name = "FontAwesome.ttf"; path = "../node_modules/react-native-vector-icons/Fonts/FontAwesome.ttf"; sourceTree = "<group>"; fileEncoding = undefined; lastKnownFileType = unknown; explicitFileType = undefined; includeInIndex = 0; };
		3AE0A8B4E50D461E9D91BE54 /* FontAwesome5_Brands.ttf */ = {isa = PBXFileReference; name = "FontAwesome5_Brands.ttf"; path = "../node_modules/react-native-vector-icons/Fonts/FontAwesome5_Brands.ttf"; sourceTree = "<group>"; fileEncoding = undefined; lastKnownFileType = unknown; explicitFileType = undefined; includeInIndex = 0; };
		3689C37226154AFCB2F1ECBB /* FontAwesome5_Regular.ttf */ = {isa = PBXFileReference; name = "FontAwesome5_Regular.ttf"; path = "../node_modules/react-native-vector-icons/Fonts/FontAwesome5_Regular.ttf"; sourceTree = "<group>"; fileEncoding = undefined; lastKnownFileType = unknown; explicitFileType = undefined; includeInIndex = 0; };
		FF26480465E94708B29E3D7D /* FontAwesome5_Solid.ttf */ = {isa = PBXFileReference; name = "FontAwesome5_Solid.ttf"; path = "../node_modules/react-native-vector-icons/Fonts/FontAwesome5_Solid.ttf"; sourceTree = "<group>"; fileEncoding = undefined; lastKnownFileType = unknown; explicitFileType = undefined; includeInIndex = 0; };
		900383CC59AA474C832F0738 /* Fontisto.ttf */ = {isa = PBXFileReference; name = "Fontisto.ttf"; path = "../node_modules/react-native-vector-icons/Fonts/Fontisto.ttf"; sourceTree = "<group>"; fileEncoding = undefined; lastKnownFileType = unknown; explicitFileType = undefined; includeInIndex = 0; };
		D67231BD0EBB407F937BA3B1 /* Foundation.ttf */ = {isa = PBXFileReference; name = "Foundation.ttf"; path = "../node_modules/react-native-vector-icons/Fonts/Foundation.ttf"; sourceTree = "<group>"; fileEncoding = undefined; lastKnownFileType = unknown; explicitFileType = undefined; includeInIndex = 0; };
		CA4184602AE94C759ECDD293 /* Ionicons.ttf */ = {isa = PBXFileReference; name = "Ionicons.ttf"; path = "../node_modules/react-native-vector-icons/Fonts/Ionicons.ttf"; sourceTree = "<group>"; fileEncoding = undefined; lastKnownFileType = unknown; explicitFileType = undefined; includeInIndex = 0; };
		EF929E5C4F354370819B727F /* MaterialCommunityIcons.ttf */ = {isa = PBXFileReference; name = "MaterialCommunityIcons.ttf"; path = "../node_modules/react-native-vector-icons/Fonts/MaterialCommunityIcons.ttf"; sourceTree = "<group>"; fileEncoding = undefined; lastKnownFileType = unknown; explicitFileType = undefined; includeInIndex = 0; };
		F4F512E1A5B84FF2A25A4D24 /* MaterialIcons.ttf */ = {isa = PBXFileReference; name = "MaterialIcons.ttf"; path = "../node_modules/react-native-vector-icons/Fonts/MaterialIcons.ttf"; sourceTree = "<group>"; fileEncoding = undefined; lastKnownFileType = unknown; explicitFileType = undefined; includeInIndex = 0; };
		51D3513362A14E00976EBFB5 /* Octicons.ttf */ = {isa = PBXFileReference; name = "Octicons.ttf"; path = "../node_modules/react-native-vector-icons/Fonts/Octicons.ttf"; sourceTree = "<group>"; fileEncoding = undefined; lastKnownFileType = unknown; explicitFileType = undefined; includeInIndex = 0; };
		447C54D3981E4B4BAAD07B59 /* SimpleLineIcons.ttf */ = {isa = PBXFileReference; name = "SimpleLineIcons.ttf"; path = "../node_modules/react-native-vector-icons/Fonts/SimpleLineIcons.ttf"; sourceTree = "<group>"; fileEncoding = undefined; lastKnownFileType = unknown; explicitFileType = undefined; includeInIndex = 0; };
		C4FA5B6EC1B74A878ACAB524 /* Zocial.ttf */ = {isa = PBXFileReference; name = "Zocial.ttf"; path = "../node_modules/react-native-vector-icons/Fonts/Zocial.ttf"; sourceTree = "<group>"; fileEncoding = undefined; lastKnownFileType = unknown; explicitFileType = undefined; includeInIndex = 0; };
=======
		BC9C0238F8CA4C039B7720A9 /* Andis.otf */ = {isa = PBXFileReference; name = "Andis.otf"; path = "../assets/fonts/Andis.otf"; sourceTree = "<group>"; fileEncoding = undefined; lastKnownFileType = unknown; explicitFileType = undefined; includeInIndex = 0; };
		B69FA5BD72B042E597452846 /* Art Plot.otf */ = {isa = PBXFileReference; name = "Art Plot.otf"; path = "../assets/fonts/Art Plot.otf"; sourceTree = "<group>"; fileEncoding = undefined; lastKnownFileType = unknown; explicitFileType = undefined; includeInIndex = 0; };
		3598FB21A3D040B983326A62 /* Carily.otf */ = {isa = PBXFileReference; name = "Carily.otf"; path = "../assets/fonts/Carily.otf"; sourceTree = "<group>"; fileEncoding = undefined; lastKnownFileType = unknown; explicitFileType = undefined; includeInIndex = 0; };
		A014E3CB0A8E436FAC8D7281 /* Cinzel.otf */ = {isa = PBXFileReference; name = "Cinzel.otf"; path = "../assets/fonts/Cinzel.otf"; sourceTree = "<group>"; fileEncoding = undefined; lastKnownFileType = unknown; explicitFileType = undefined; includeInIndex = 0; };
		91F18BB455294178B34F1CE5 /* Dancing Script OT.otf */ = {isa = PBXFileReference; name = "Dancing Script OT.otf"; path = "../assets/fonts/Dancing Script OT.otf"; sourceTree = "<group>"; fileEncoding = undefined; lastKnownFileType = unknown; explicitFileType = undefined; includeInIndex = 0; };
		B6A844DF918B4F28877E409B /* Exo 2.otf */ = {isa = PBXFileReference; name = "Exo 2.otf"; path = "../assets/fonts/Exo 2.otf"; sourceTree = "<group>"; fileEncoding = undefined; lastKnownFileType = unknown; explicitFileType = undefined; includeInIndex = 0; };
		C4C339696DF24290B25BFDFD /* Hunting.otf */ = {isa = PBXFileReference; name = "Hunting.otf"; path = "../assets/fonts/Hunting.otf"; sourceTree = "<group>"; fileEncoding = undefined; lastKnownFileType = unknown; explicitFileType = undefined; includeInIndex = 0; };
		66A684586DAA46EA8AD61310 /* League Gothic.otf */ = {isa = PBXFileReference; name = "League Gothic.otf"; path = "../assets/fonts/League Gothic.otf"; sourceTree = "<group>"; fileEncoding = undefined; lastKnownFileType = unknown; explicitFileType = undefined; includeInIndex = 0; };
		FB84A94C8B67401BB965AA92 /* Learning Curve.otf */ = {isa = PBXFileReference; name = "Learning Curve.otf"; path = "../assets/fonts/Learning Curve.otf"; sourceTree = "<group>"; fileEncoding = undefined; lastKnownFileType = unknown; explicitFileType = undefined; includeInIndex = 0; };
		7EEA33873CC54208A6A02F74 /* Montserrat.otf */ = {isa = PBXFileReference; name = "Montserrat.otf"; path = "../assets/fonts/Montserrat.otf"; sourceTree = "<group>"; fileEncoding = undefined; lastKnownFileType = unknown; explicitFileType = undefined; includeInIndex = 0; };
		08C2D6095F514D5AB28144D0 /* Oswald.otf */ = {isa = PBXFileReference; name = "Oswald.otf"; path = "../assets/fonts/Oswald.otf"; sourceTree = "<group>"; fileEncoding = undefined; lastKnownFileType = unknown; explicitFileType = undefined; includeInIndex = 0; };
		23CA6A3B6ECC4B24AF00443A /* Poppins.otf */ = {isa = PBXFileReference; name = "Poppins.otf"; path = "../assets/fonts/Poppins.otf"; sourceTree = "<group>"; fileEncoding = undefined; lastKnownFileType = unknown; explicitFileType = undefined; includeInIndex = 0; };
		C609760AFEEB434586CB65EF /* Rotulona Hand.otf */ = {isa = PBXFileReference; name = "Rotulona Hand.otf"; path = "../assets/fonts/Rotulona Hand.otf"; sourceTree = "<group>"; fileEncoding = undefined; lastKnownFileType = unknown; explicitFileType = undefined; includeInIndex = 0; };
		BBB66C1704DD4DCA9E8A497E /* Shopie.otf */ = {isa = PBXFileReference; name = "Shopie.otf"; path = "../assets/fonts/Shopie.otf"; sourceTree = "<group>"; fileEncoding = undefined; lastKnownFileType = unknown; explicitFileType = undefined; includeInIndex = 0; };
		4D39894A7AF141DE90B2007F /* Sofia.otf */ = {isa = PBXFileReference; name = "Sofia.otf"; path = "../assets/fonts/Sofia.otf"; sourceTree = "<group>"; fileEncoding = undefined; lastKnownFileType = unknown; explicitFileType = undefined; includeInIndex = 0; };
		A1AF7285936943DBAE767D56 /* Source Sans Pro.otf */ = {isa = PBXFileReference; name = "Source Sans Pro.otf"; path = "../assets/fonts/Source Sans Pro.otf"; sourceTree = "<group>"; fileEncoding = undefined; lastKnownFileType = unknown; explicitFileType = undefined; includeInIndex = 0; };
		9C08AA3C05B746AA9788C5ED /* Titillium.otf */ = {isa = PBXFileReference; name = "Titillium.otf"; path = "../assets/fonts/Titillium.otf"; sourceTree = "<group>"; fileEncoding = undefined; lastKnownFileType = unknown; explicitFileType = undefined; includeInIndex = 0; };
		42FFA08324F44292B317DAEA /* AntDesign.ttf */ = {isa = PBXFileReference; name = "AntDesign.ttf"; path = "../node_modules/react-native-vector-icons/Fonts/AntDesign.ttf"; sourceTree = "<group>"; fileEncoding = undefined; lastKnownFileType = unknown; explicitFileType = undefined; includeInIndex = 0; };
		191DB6C23E34478BA9453DEF /* Entypo.ttf */ = {isa = PBXFileReference; name = "Entypo.ttf"; path = "../node_modules/react-native-vector-icons/Fonts/Entypo.ttf"; sourceTree = "<group>"; fileEncoding = undefined; lastKnownFileType = unknown; explicitFileType = undefined; includeInIndex = 0; };
		8B64F697AB284D7B999D3E73 /* EvilIcons.ttf */ = {isa = PBXFileReference; name = "EvilIcons.ttf"; path = "../node_modules/react-native-vector-icons/Fonts/EvilIcons.ttf"; sourceTree = "<group>"; fileEncoding = undefined; lastKnownFileType = unknown; explicitFileType = undefined; includeInIndex = 0; };
		C578D9166B764DD6AC5C0E60 /* Feather.ttf */ = {isa = PBXFileReference; name = "Feather.ttf"; path = "../node_modules/react-native-vector-icons/Fonts/Feather.ttf"; sourceTree = "<group>"; fileEncoding = undefined; lastKnownFileType = unknown; explicitFileType = undefined; includeInIndex = 0; };
		7E60C75853E74D85AAC37F03 /* FontAwesome.ttf */ = {isa = PBXFileReference; name = "FontAwesome.ttf"; path = "../node_modules/react-native-vector-icons/Fonts/FontAwesome.ttf"; sourceTree = "<group>"; fileEncoding = undefined; lastKnownFileType = unknown; explicitFileType = undefined; includeInIndex = 0; };
		4A090CF21FC042FA860E72C0 /* FontAwesome5_Brands.ttf */ = {isa = PBXFileReference; name = "FontAwesome5_Brands.ttf"; path = "../node_modules/react-native-vector-icons/Fonts/FontAwesome5_Brands.ttf"; sourceTree = "<group>"; fileEncoding = undefined; lastKnownFileType = unknown; explicitFileType = undefined; includeInIndex = 0; };
		F70F1710782A4AE2B56E95D0 /* FontAwesome5_Regular.ttf */ = {isa = PBXFileReference; name = "FontAwesome5_Regular.ttf"; path = "../node_modules/react-native-vector-icons/Fonts/FontAwesome5_Regular.ttf"; sourceTree = "<group>"; fileEncoding = undefined; lastKnownFileType = unknown; explicitFileType = undefined; includeInIndex = 0; };
		0EEB9BC7E4AE47FFB42AAA0A /* FontAwesome5_Solid.ttf */ = {isa = PBXFileReference; name = "FontAwesome5_Solid.ttf"; path = "../node_modules/react-native-vector-icons/Fonts/FontAwesome5_Solid.ttf"; sourceTree = "<group>"; fileEncoding = undefined; lastKnownFileType = unknown; explicitFileType = undefined; includeInIndex = 0; };
		81D7B7F596424B74937D7623 /* Fontisto.ttf */ = {isa = PBXFileReference; name = "Fontisto.ttf"; path = "../node_modules/react-native-vector-icons/Fonts/Fontisto.ttf"; sourceTree = "<group>"; fileEncoding = undefined; lastKnownFileType = unknown; explicitFileType = undefined; includeInIndex = 0; };
		617E4EA0DBFC45D688264BE9 /* Foundation.ttf */ = {isa = PBXFileReference; name = "Foundation.ttf"; path = "../node_modules/react-native-vector-icons/Fonts/Foundation.ttf"; sourceTree = "<group>"; fileEncoding = undefined; lastKnownFileType = unknown; explicitFileType = undefined; includeInIndex = 0; };
		BC18A79A6DD849FC9487CBE7 /* Ionicons.ttf */ = {isa = PBXFileReference; name = "Ionicons.ttf"; path = "../node_modules/react-native-vector-icons/Fonts/Ionicons.ttf"; sourceTree = "<group>"; fileEncoding = undefined; lastKnownFileType = unknown; explicitFileType = undefined; includeInIndex = 0; };
		68901BAB904D49D3ACE38EC5 /* MaterialCommunityIcons.ttf */ = {isa = PBXFileReference; name = "MaterialCommunityIcons.ttf"; path = "../node_modules/react-native-vector-icons/Fonts/MaterialCommunityIcons.ttf"; sourceTree = "<group>"; fileEncoding = undefined; lastKnownFileType = unknown; explicitFileType = undefined; includeInIndex = 0; };
		1A9E5A76DAE644B79306C535 /* MaterialIcons.ttf */ = {isa = PBXFileReference; name = "MaterialIcons.ttf"; path = "../node_modules/react-native-vector-icons/Fonts/MaterialIcons.ttf"; sourceTree = "<group>"; fileEncoding = undefined; lastKnownFileType = unknown; explicitFileType = undefined; includeInIndex = 0; };
		D8024D1572CC48F2A8EF5AFA /* Octicons.ttf */ = {isa = PBXFileReference; name = "Octicons.ttf"; path = "../node_modules/react-native-vector-icons/Fonts/Octicons.ttf"; sourceTree = "<group>"; fileEncoding = undefined; lastKnownFileType = unknown; explicitFileType = undefined; includeInIndex = 0; };
		BF57EDB9FE33432486A078D5 /* SimpleLineIcons.ttf */ = {isa = PBXFileReference; name = "SimpleLineIcons.ttf"; path = "../node_modules/react-native-vector-icons/Fonts/SimpleLineIcons.ttf"; sourceTree = "<group>"; fileEncoding = undefined; lastKnownFileType = unknown; explicitFileType = undefined; includeInIndex = 0; };
		8BA6813467D84392B76105A9 /* Zocial.ttf */ = {isa = PBXFileReference; name = "Zocial.ttf"; path = "../node_modules/react-native-vector-icons/Fonts/Zocial.ttf"; sourceTree = "<group>"; fileEncoding = undefined; lastKnownFileType = unknown; explicitFileType = undefined; includeInIndex = 0; };
>>>>>>> 4ba6237219698e51c20174101d0c3f95386d672b
/* End PBXFileReference section */

/* Begin PBXFrameworksBuildPhase section */
		00E356EB1AD99517003FC87E /* Frameworks */ = {
			isa = PBXFrameworksBuildPhase;
			buildActionMask = 2147483647;
			files = (
			);
			runOnlyForDeploymentPostprocessing = 0;
		};
		13B07F8C1A680F5B00A75B9A /* Frameworks */ = {
			isa = PBXFrameworksBuildPhase;
			buildActionMask = 2147483647;
			files = (
			);
			runOnlyForDeploymentPostprocessing = 0;
		};
		2D02E4781E0B4A5D006451C7 /* Frameworks */ = {
			isa = PBXFrameworksBuildPhase;
			buildActionMask = 2147483647;
			files = (
			);
			runOnlyForDeploymentPostprocessing = 0;
		};
		2D02E48D1E0B4A5D006451C7 /* Frameworks */ = {
			isa = PBXFrameworksBuildPhase;
			buildActionMask = 2147483647;
			files = (
			);
			runOnlyForDeploymentPostprocessing = 0;
		};
/* End PBXFrameworksBuildPhase section */

/* Begin PBXGroup section */
		00E356EF1AD99517003FC87E /* ClubeDoCavaloTests */ = {
			isa = PBXGroup;
			children = (
				00E356F21AD99517003FC87E /* ClubeDoCavaloTests.m */,
				00E356F01AD99517003FC87E /* Supporting Files */,
			);
			path = ClubeDoCavaloTests;
			sourceTree = "<group>";
		};
		00E356F01AD99517003FC87E /* Supporting Files */ = {
			isa = PBXGroup;
			children = (
				00E356F11AD99517003FC87E /* Info.plist */,
			);
			name = "Supporting Files";
			sourceTree = "<group>";
		};
		13B07FAE1A68108700A75B9A /* ClubeDoCavalo */ = {
			isa = PBXGroup;
			children = (
				008F07F21AC5B25A0029DE68 /* main.jsbundle */,
				13B07FAF1A68108700A75B9A /* AppDelegate.h */,
				13B07FB01A68108700A75B9A /* AppDelegate.m */,
				13B07FB51A68108700A75B9A /* Images.xcassets */,
				13B07FB61A68108700A75B9A /* Info.plist */,
				13B07FB11A68108700A75B9A /* LaunchScreen.xib */,
				13B07FB71A68108700A75B9A /* main.m */,
			);
			name = ClubeDoCavalo;
			sourceTree = "<group>";
		};
		2D16E6871FA4F8E400B85C8A /* Frameworks */ = {
			isa = PBXGroup;
			children = (
				ED297162215061F000B7C4FE /* JavaScriptCore.framework */,
				ED2971642150620600B7C4FE /* JavaScriptCore.framework */,
			);
			name = Frameworks;
			sourceTree = "<group>";
		};
		832341AE1AAA6A7D00B99B32 /* Libraries */ = {
			isa = PBXGroup;
			children = (
			);
			name = Libraries;
			sourceTree = "<group>";
		};
		83CBB9F61A601CBA00E9B192 = {
			isa = PBXGroup;
			children = (
				13B07FAE1A68108700A75B9A /* ClubeDoCavalo */,
				832341AE1AAA6A7D00B99B32 /* Libraries */,
				00E356EF1AD99517003FC87E /* ClubeDoCavaloTests */,
				83CBBA001A601CBA00E9B192 /* Products */,
				2D16E6871FA4F8E400B85C8A /* Frameworks */,
<<<<<<< HEAD
				F3468BFE5E5345F49CEBE35D /* Resources */,
=======
				6F71FF7B4D7440CCBDB1407B /* Resources */,
>>>>>>> 4ba6237219698e51c20174101d0c3f95386d672b
			);
			indentWidth = 2;
			sourceTree = "<group>";
			tabWidth = 2;
			usesTabs = 0;
		};
		83CBBA001A601CBA00E9B192 /* Products */ = {
			isa = PBXGroup;
			children = (
				13B07F961A680F5B00A75B9A /* ClubeDoCavalo.app */,
				00E356EE1AD99517003FC87E /* ClubeDoCavaloTests.xctest */,
				2D02E47B1E0B4A5D006451C7 /* ClubeDoCavalo-tvOS.app */,
				2D02E4901E0B4A5D006451C7 /* ClubeDoCavalo-tvOSTests.xctest */,
			);
			name = Products;
			sourceTree = "<group>";
		};
<<<<<<< HEAD
		F3468BFE5E5345F49CEBE35D /* Resources */ = {
			isa = "PBXGroup";
			children = (
				44753A42C93C4B74B8755F73 /* Andis.otf */,
				33E138C56F044EFAA9B16ECD /* Art Plot.otf */,
				861068B392DE4AE4BB298D9D /* Carily.otf */,
				FB709AA91A5E4C538B31B57F /* Cinzel.otf */,
				B84FBDD93BC64936B269D423 /* Dancing Script OT.otf */,
				D633F7D7ED714B45A94053A9 /* Exo 2.otf */,
				4309CCFD62594B7EB4FFF569 /* Hunting.otf */,
				8F0F68F821854ED38C92673F /* League Gothic.otf */,
				8140671757874618B7CE476B /* Learning Curve.otf */,
				3F188D7747E54D62BF8F1255 /* Montserrat.otf */,
				A0C2252E66044F4EA766DC04 /* Oswald.otf */,
				F5533CA3BAE74A5C8808B69A /* Poppins.otf */,
				AE357EB4026F407AB98452E0 /* Rotulona Hand.otf */,
				BCD4B5F0782B4AA5867CCC6A /* Shopie.otf */,
				D3978EFF7BEA43EF8AFF1B59 /* Sofia.otf */,
				1763C1F6F61F45D8A7969A6B /* Source Sans Pro.otf */,
				5F34744ABC934AB989921181 /* Titillium.otf */,
				F58801F5F5BD49EBAFCD35C6 /* AntDesign.ttf */,
				1287F772546643008D8D1155 /* Entypo.ttf */,
				D13D17F473CF4FF18E1300CE /* EvilIcons.ttf */,
				68404F6589AC4717AE5B9171 /* Feather.ttf */,
				1EE3F5597CBE4F0681FD5F08 /* FontAwesome.ttf */,
				3AE0A8B4E50D461E9D91BE54 /* FontAwesome5_Brands.ttf */,
				3689C37226154AFCB2F1ECBB /* FontAwesome5_Regular.ttf */,
				FF26480465E94708B29E3D7D /* FontAwesome5_Solid.ttf */,
				900383CC59AA474C832F0738 /* Fontisto.ttf */,
				D67231BD0EBB407F937BA3B1 /* Foundation.ttf */,
				CA4184602AE94C759ECDD293 /* Ionicons.ttf */,
				EF929E5C4F354370819B727F /* MaterialCommunityIcons.ttf */,
				F4F512E1A5B84FF2A25A4D24 /* MaterialIcons.ttf */,
				51D3513362A14E00976EBFB5 /* Octicons.ttf */,
				447C54D3981E4B4BAAD07B59 /* SimpleLineIcons.ttf */,
				C4FA5B6EC1B74A878ACAB524 /* Zocial.ttf */,
=======
		6F71FF7B4D7440CCBDB1407B /* Resources */ = {
			isa = "PBXGroup";
			children = (
				BC9C0238F8CA4C039B7720A9 /* Andis.otf */,
				B69FA5BD72B042E597452846 /* Art Plot.otf */,
				3598FB21A3D040B983326A62 /* Carily.otf */,
				A014E3CB0A8E436FAC8D7281 /* Cinzel.otf */,
				91F18BB455294178B34F1CE5 /* Dancing Script OT.otf */,
				B6A844DF918B4F28877E409B /* Exo 2.otf */,
				C4C339696DF24290B25BFDFD /* Hunting.otf */,
				66A684586DAA46EA8AD61310 /* League Gothic.otf */,
				FB84A94C8B67401BB965AA92 /* Learning Curve.otf */,
				7EEA33873CC54208A6A02F74 /* Montserrat.otf */,
				08C2D6095F514D5AB28144D0 /* Oswald.otf */,
				23CA6A3B6ECC4B24AF00443A /* Poppins.otf */,
				C609760AFEEB434586CB65EF /* Rotulona Hand.otf */,
				BBB66C1704DD4DCA9E8A497E /* Shopie.otf */,
				4D39894A7AF141DE90B2007F /* Sofia.otf */,
				A1AF7285936943DBAE767D56 /* Source Sans Pro.otf */,
				9C08AA3C05B746AA9788C5ED /* Titillium.otf */,
				42FFA08324F44292B317DAEA /* AntDesign.ttf */,
				191DB6C23E34478BA9453DEF /* Entypo.ttf */,
				8B64F697AB284D7B999D3E73 /* EvilIcons.ttf */,
				C578D9166B764DD6AC5C0E60 /* Feather.ttf */,
				7E60C75853E74D85AAC37F03 /* FontAwesome.ttf */,
				4A090CF21FC042FA860E72C0 /* FontAwesome5_Brands.ttf */,
				F70F1710782A4AE2B56E95D0 /* FontAwesome5_Regular.ttf */,
				0EEB9BC7E4AE47FFB42AAA0A /* FontAwesome5_Solid.ttf */,
				81D7B7F596424B74937D7623 /* Fontisto.ttf */,
				617E4EA0DBFC45D688264BE9 /* Foundation.ttf */,
				BC18A79A6DD849FC9487CBE7 /* Ionicons.ttf */,
				68901BAB904D49D3ACE38EC5 /* MaterialCommunityIcons.ttf */,
				1A9E5A76DAE644B79306C535 /* MaterialIcons.ttf */,
				D8024D1572CC48F2A8EF5AFA /* Octicons.ttf */,
				BF57EDB9FE33432486A078D5 /* SimpleLineIcons.ttf */,
				8BA6813467D84392B76105A9 /* Zocial.ttf */,
>>>>>>> 4ba6237219698e51c20174101d0c3f95386d672b
			);
			name = Resources;
			sourceTree = "<group>";
			path = "";
		};
/* End PBXGroup section */

/* Begin PBXNativeTarget section */
		00E356ED1AD99517003FC87E /* ClubeDoCavaloTests */ = {
			isa = PBXNativeTarget;
			buildConfigurationList = 00E357021AD99517003FC87E /* Build configuration list for PBXNativeTarget "ClubeDoCavaloTests" */;
			buildPhases = (
				00E356EA1AD99517003FC87E /* Sources */,
				00E356EB1AD99517003FC87E /* Frameworks */,
				00E356EC1AD99517003FC87E /* Resources */,
			);
			buildRules = (
			);
			dependencies = (
				00E356F51AD99517003FC87E /* PBXTargetDependency */,
			);
			name = ClubeDoCavaloTests;
			productName = ClubeDoCavaloTests;
			productReference = 00E356EE1AD99517003FC87E /* ClubeDoCavaloTests.xctest */;
			productType = "com.apple.product-type.bundle.unit-test";
		};
		13B07F861A680F5B00A75B9A /* ClubeDoCavalo */ = {
			isa = PBXNativeTarget;
			buildConfigurationList = 13B07F931A680F5B00A75B9A /* Build configuration list for PBXNativeTarget "ClubeDoCavalo" */;
			buildPhases = (
				FD10A7F022414F080027D42C /* Start Packager */,
				13B07F871A680F5B00A75B9A /* Sources */,
				13B07F8C1A680F5B00A75B9A /* Frameworks */,
				13B07F8E1A680F5B00A75B9A /* Resources */,
				00DD1BFF1BD5951E006B06BC /* Bundle React Native code and images */,
			);
			buildRules = (
			);
			dependencies = (
			);
			name = ClubeDoCavalo;
			productName = ClubeDoCavalo;
			productReference = 13B07F961A680F5B00A75B9A /* ClubeDoCavalo.app */;
			productType = "com.apple.product-type.application";
		};
		2D02E47A1E0B4A5D006451C7 /* ClubeDoCavalo-tvOS */ = {
			isa = PBXNativeTarget;
			buildConfigurationList = 2D02E4BA1E0B4A5E006451C7 /* Build configuration list for PBXNativeTarget "ClubeDoCavalo-tvOS" */;
			buildPhases = (
				FD10A7F122414F3F0027D42C /* Start Packager */,
				2D02E4771E0B4A5D006451C7 /* Sources */,
				2D02E4781E0B4A5D006451C7 /* Frameworks */,
				2D02E4791E0B4A5D006451C7 /* Resources */,
				2D02E4CB1E0B4B27006451C7 /* Bundle React Native Code And Images */,
			);
			buildRules = (
			);
			dependencies = (
			);
			name = "ClubeDoCavalo-tvOS";
			productName = "ClubeDoCavalo-tvOS";
			productReference = 2D02E47B1E0B4A5D006451C7 /* ClubeDoCavalo-tvOS.app */;
			productType = "com.apple.product-type.application";
		};
		2D02E48F1E0B4A5D006451C7 /* ClubeDoCavalo-tvOSTests */ = {
			isa = PBXNativeTarget;
			buildConfigurationList = 2D02E4BB1E0B4A5E006451C7 /* Build configuration list for PBXNativeTarget "ClubeDoCavalo-tvOSTests" */;
			buildPhases = (
				2D02E48C1E0B4A5D006451C7 /* Sources */,
				2D02E48D1E0B4A5D006451C7 /* Frameworks */,
				2D02E48E1E0B4A5D006451C7 /* Resources */,
			);
			buildRules = (
			);
			dependencies = (
				2D02E4921E0B4A5D006451C7 /* PBXTargetDependency */,
			);
			name = "ClubeDoCavalo-tvOSTests";
			productName = "ClubeDoCavalo-tvOSTests";
			productReference = 2D02E4901E0B4A5D006451C7 /* ClubeDoCavalo-tvOSTests.xctest */;
			productType = "com.apple.product-type.bundle.unit-test";
		};
/* End PBXNativeTarget section */

/* Begin PBXProject section */
		83CBB9F71A601CBA00E9B192 /* Project object */ = {
			isa = PBXProject;
			attributes = {
				LastUpgradeCheck = 1130;
				TargetAttributes = {
					00E356ED1AD99517003FC87E = {
						CreatedOnToolsVersion = 6.2;
						TestTargetID = 13B07F861A680F5B00A75B9A;
					};
					13B07F861A680F5B00A75B9A = {
						LastSwiftMigration = 1120;
					};
					2D02E47A1E0B4A5D006451C7 = {
						CreatedOnToolsVersion = 8.2.1;
						ProvisioningStyle = Automatic;
					};
					2D02E48F1E0B4A5D006451C7 = {
						CreatedOnToolsVersion = 8.2.1;
						ProvisioningStyle = Automatic;
						TestTargetID = 2D02E47A1E0B4A5D006451C7;
					};
				};
			};
			buildConfigurationList = 83CBB9FA1A601CBA00E9B192 /* Build configuration list for PBXProject "ClubeDoCavalo" */;
			compatibilityVersion = "Xcode 3.2";
			developmentRegion = en;
			hasScannedForEncodings = 0;
			knownRegions = (
				en,
				Base,
			);
			mainGroup = 83CBB9F61A601CBA00E9B192;
			productRefGroup = 83CBBA001A601CBA00E9B192 /* Products */;
			projectDirPath = "";
			projectRoot = "";
			targets = (
				13B07F861A680F5B00A75B9A /* ClubeDoCavalo */,
				00E356ED1AD99517003FC87E /* ClubeDoCavaloTests */,
				2D02E47A1E0B4A5D006451C7 /* ClubeDoCavalo-tvOS */,
				2D02E48F1E0B4A5D006451C7 /* ClubeDoCavalo-tvOSTests */,
			);
		};
/* End PBXProject section */

/* Begin PBXResourcesBuildPhase section */
		00E356EC1AD99517003FC87E /* Resources */ = {
			isa = PBXResourcesBuildPhase;
			buildActionMask = 2147483647;
			files = (
			);
			runOnlyForDeploymentPostprocessing = 0;
		};
		13B07F8E1A680F5B00A75B9A /* Resources */ = {
			isa = PBXResourcesBuildPhase;
			buildActionMask = 2147483647;
			files = (
				13B07FBF1A68108700A75B9A /* Images.xcassets in Resources */,
				13B07FBD1A68108700A75B9A /* LaunchScreen.xib in Resources */,
<<<<<<< HEAD
				03D58241071D4F5FA1F2B132 /* Andis.otf in Resources */,
				0FDAB750E39A4ACDA2A0115F /* Art Plot.otf in Resources */,
				EE048AB1306D4D72A777644D /* Carily.otf in Resources */,
				677EC5FC5DB74150A8919F99 /* Cinzel.otf in Resources */,
				C5B3A25A38A345C589A93A28 /* Dancing Script OT.otf in Resources */,
				7B784DFF4E674362A8D7CFB2 /* Exo 2.otf in Resources */,
				F273B5C3A9AA43FAA215065F /* Hunting.otf in Resources */,
				497F670CEC7B47FB81365302 /* League Gothic.otf in Resources */,
				E5BC4517606D4C5FAC8ABC44 /* Learning Curve.otf in Resources */,
				C0B2D6CE258F49AEA30E0EF6 /* Montserrat.otf in Resources */,
				F10F76C1617941C1AB39E4E2 /* Oswald.otf in Resources */,
				66B7372D8E434866BD35E1AB /* Poppins.otf in Resources */,
				6807B807D8284E11A7D06E7A /* Rotulona Hand.otf in Resources */,
				9B107F823C6E436E948A8A6B /* Shopie.otf in Resources */,
				BDD6453C1B4743368C78A4DE /* Sofia.otf in Resources */,
				F55D26AC7C4B44FABAE69DB8 /* Source Sans Pro.otf in Resources */,
				9B6111EFD5414B988C69507B /* Titillium.otf in Resources */,
				7507157E44494D9897F3DFD3 /* AntDesign.ttf in Resources */,
				FB271FC5926143C9950FE98B /* Entypo.ttf in Resources */,
				5A76161EC986439681AC4C1A /* EvilIcons.ttf in Resources */,
				EEF5794BF6EC4085A0188EE5 /* Feather.ttf in Resources */,
				026DE501114F429EB55E6F0A /* FontAwesome.ttf in Resources */,
				24D9D4C887224419A4014077 /* FontAwesome5_Brands.ttf in Resources */,
				8A1DC3556CEE450B866B8415 /* FontAwesome5_Regular.ttf in Resources */,
				56FC189C05E54B698DC64761 /* FontAwesome5_Solid.ttf in Resources */,
				C508AB7BF9AA459E95F8E629 /* Fontisto.ttf in Resources */,
				4BA44CCB7BB743D080F69C61 /* Foundation.ttf in Resources */,
				97324F09DF774D5385CF8DE6 /* Ionicons.ttf in Resources */,
				B68297AD4E624C1D86842855 /* MaterialCommunityIcons.ttf in Resources */,
				5D9C00E788C645BB92A40C57 /* MaterialIcons.ttf in Resources */,
				7FD5A5139CD14C62AF26C228 /* Octicons.ttf in Resources */,
				228F6B6979BF4D7990C3F5A4 /* SimpleLineIcons.ttf in Resources */,
				6032B936F58249F2A3E0A028 /* Zocial.ttf in Resources */,
=======
				022BAB6ABC2B4A3EB571C017 /* Andis.otf in Resources */,
				E4A684DE6FD0455AA18A53BE /* Art Plot.otf in Resources */,
				E29844B3DBEC41ABB5FFD3E7 /* Carily.otf in Resources */,
				BDB9340BE79F44D09315A34A /* Cinzel.otf in Resources */,
				0A2D9A20866843F98170967B /* Dancing Script OT.otf in Resources */,
				F4F35EF9BE2343A0853D9B8D /* Exo 2.otf in Resources */,
				E3B295EF94CA422C8A12B81D /* Hunting.otf in Resources */,
				5408EE4291144865A95CA03B /* League Gothic.otf in Resources */,
				F11E016AE02F41D19C0820BD /* Learning Curve.otf in Resources */,
				62E6D84B0BBE437DAA626CF3 /* Montserrat.otf in Resources */,
				A2BA78F111A24F47B3A64DB6 /* Oswald.otf in Resources */,
				B1B26A149E664A539A7E630C /* Poppins.otf in Resources */,
				DDD1FF76104F49D792DFDA76 /* Rotulona Hand.otf in Resources */,
				DA603F59AD0848589BFA4777 /* Shopie.otf in Resources */,
				C454CD84A6DD4C388358BBCC /* Sofia.otf in Resources */,
				44EEED9C7F924DD2B3DE8B53 /* Source Sans Pro.otf in Resources */,
				65663627AF9D48189AFDCD9E /* Titillium.otf in Resources */,
				B5CD02C0EA644E09AA4BAA08 /* AntDesign.ttf in Resources */,
				977622EDCEA74281A9CFC374 /* Entypo.ttf in Resources */,
				872CAD93CF2341A2AF08C00C /* EvilIcons.ttf in Resources */,
				B1F753F246424F7A8DBD1B65 /* Feather.ttf in Resources */,
				B89BA1D38C684801ACBA0367 /* FontAwesome.ttf in Resources */,
				F069AD5538E248518A92E566 /* FontAwesome5_Brands.ttf in Resources */,
				1B2C9C81BBD64F0A896296EF /* FontAwesome5_Regular.ttf in Resources */,
				A7D2C77E778C40398454D40F /* FontAwesome5_Solid.ttf in Resources */,
				930957C64F874CA4B5B93EA4 /* Fontisto.ttf in Resources */,
				1439083D2E4E4BB3A21BC07A /* Foundation.ttf in Resources */,
				D4002D40AA0244848AB6E944 /* Ionicons.ttf in Resources */,
				9484E820FB0640E181A39594 /* MaterialCommunityIcons.ttf in Resources */,
				C3D1B1768D4443EFA44DA439 /* MaterialIcons.ttf in Resources */,
				13DA1DDC9D5044018A224563 /* Octicons.ttf in Resources */,
				15DC8AF593CA442083C309AF /* SimpleLineIcons.ttf in Resources */,
				61DA8C557E95424CAC7EE6A0 /* Zocial.ttf in Resources */,
>>>>>>> 4ba6237219698e51c20174101d0c3f95386d672b
			);
			runOnlyForDeploymentPostprocessing = 0;
		};
		2D02E4791E0B4A5D006451C7 /* Resources */ = {
			isa = PBXResourcesBuildPhase;
			buildActionMask = 2147483647;
			files = (
				2D02E4BD1E0B4A84006451C7 /* Images.xcassets in Resources */,
			);
			runOnlyForDeploymentPostprocessing = 0;
		};
		2D02E48E1E0B4A5D006451C7 /* Resources */ = {
			isa = PBXResourcesBuildPhase;
			buildActionMask = 2147483647;
			files = (
			);
			runOnlyForDeploymentPostprocessing = 0;
		};
/* End PBXResourcesBuildPhase section */

/* Begin PBXShellScriptBuildPhase section */
		00DD1BFF1BD5951E006B06BC /* Bundle React Native code and images */ = {
			isa = PBXShellScriptBuildPhase;
			buildActionMask = 2147483647;
			files = (
			);
			inputPaths = (
			);
			name = "Bundle React Native code and images";
			outputPaths = (
			);
			runOnlyForDeploymentPostprocessing = 0;
			shellPath = /bin/sh;
			shellScript = "export NODE_BINARY=node\n../node_modules/react-native/scripts/react-native-xcode.sh";
		};
		2D02E4CB1E0B4B27006451C7 /* Bundle React Native Code And Images */ = {
			isa = PBXShellScriptBuildPhase;
			buildActionMask = 2147483647;
			files = (
			);
			inputPaths = (
			);
			name = "Bundle React Native Code And Images";
			outputPaths = (
			);
			runOnlyForDeploymentPostprocessing = 0;
			shellPath = /bin/sh;
			shellScript = "export NODE_BINARY=node\n../node_modules/react-native/scripts/react-native-xcode.sh";
		};
		FD10A7F022414F080027D42C /* Start Packager */ = {
			isa = PBXShellScriptBuildPhase;
			buildActionMask = 2147483647;
			files = (
			);
			inputFileListPaths = (
			);
			inputPaths = (
			);
			name = "Start Packager";
			outputFileListPaths = (
			);
			outputPaths = (
			);
			runOnlyForDeploymentPostprocessing = 0;
			shellPath = /bin/sh;
			shellScript = "export RCT_METRO_PORT=\"${RCT_METRO_PORT:=8081}\"\necho \"export RCT_METRO_PORT=${RCT_METRO_PORT}\" > \"${SRCROOT}/../node_modules/react-native/scripts/.packager.env\"\nif [ -z \"${RCT_NO_LAUNCH_PACKAGER+xxx}\" ] ; then\n  if nc -w 5 -z localhost ${RCT_METRO_PORT} ; then\n    if ! curl -s \"http://localhost:${RCT_METRO_PORT}/status\" | grep -q \"packager-status:running\" ; then\n      echo \"Port ${RCT_METRO_PORT} already in use, packager is either not running or not running correctly\"\n      exit 2\n    fi\n  else\n    open \"$SRCROOT/../node_modules/react-native/scripts/launchPackager.command\" || echo \"Can't start packager automatically\"\n  fi\nfi\n";
			showEnvVarsInLog = 0;
		};
		FD10A7F122414F3F0027D42C /* Start Packager */ = {
			isa = PBXShellScriptBuildPhase;
			buildActionMask = 2147483647;
			files = (
			);
			inputFileListPaths = (
			);
			inputPaths = (
			);
			name = "Start Packager";
			outputFileListPaths = (
			);
			outputPaths = (
			);
			runOnlyForDeploymentPostprocessing = 0;
			shellPath = /bin/sh;
			shellScript = "export RCT_METRO_PORT=\"${RCT_METRO_PORT:=8081}\"\necho \"export RCT_METRO_PORT=${RCT_METRO_PORT}\" > \"${SRCROOT}/../node_modules/react-native/scripts/.packager.env\"\nif [ -z \"${RCT_NO_LAUNCH_PACKAGER+xxx}\" ] ; then\n  if nc -w 5 -z localhost ${RCT_METRO_PORT} ; then\n    if ! curl -s \"http://localhost:${RCT_METRO_PORT}/status\" | grep -q \"packager-status:running\" ; then\n      echo \"Port ${RCT_METRO_PORT} already in use, packager is either not running or not running correctly\"\n      exit 2\n    fi\n  else\n    open \"$SRCROOT/../node_modules/react-native/scripts/launchPackager.command\" || echo \"Can't start packager automatically\"\n  fi\nfi\n";
			showEnvVarsInLog = 0;
		};
/* End PBXShellScriptBuildPhase section */

/* Begin PBXSourcesBuildPhase section */
		00E356EA1AD99517003FC87E /* Sources */ = {
			isa = PBXSourcesBuildPhase;
			buildActionMask = 2147483647;
			files = (
				00E356F31AD99517003FC87E /* ClubeDoCavaloTests.m in Sources */,
			);
			runOnlyForDeploymentPostprocessing = 0;
		};
		13B07F871A680F5B00A75B9A /* Sources */ = {
			isa = PBXSourcesBuildPhase;
			buildActionMask = 2147483647;
			files = (
				13B07FBC1A68108700A75B9A /* AppDelegate.m in Sources */,
				13B07FC11A68108700A75B9A /* main.m in Sources */,
			);
			runOnlyForDeploymentPostprocessing = 0;
		};
		2D02E4771E0B4A5D006451C7 /* Sources */ = {
			isa = PBXSourcesBuildPhase;
			buildActionMask = 2147483647;
			files = (
				2D02E4BF1E0B4AB3006451C7 /* main.m in Sources */,
				2D02E4BC1E0B4A80006451C7 /* AppDelegate.m in Sources */,
			);
			runOnlyForDeploymentPostprocessing = 0;
		};
		2D02E48C1E0B4A5D006451C7 /* Sources */ = {
			isa = PBXSourcesBuildPhase;
			buildActionMask = 2147483647;
			files = (
				2DCD954D1E0B4F2C00145EB5 /* ClubeDoCavaloTests.m in Sources */,
			);
			runOnlyForDeploymentPostprocessing = 0;
		};
/* End PBXSourcesBuildPhase section */

/* Begin PBXTargetDependency section */
		00E356F51AD99517003FC87E /* PBXTargetDependency */ = {
			isa = PBXTargetDependency;
			target = 13B07F861A680F5B00A75B9A /* ClubeDoCavalo */;
			targetProxy = 00E356F41AD99517003FC87E /* PBXContainerItemProxy */;
		};
		2D02E4921E0B4A5D006451C7 /* PBXTargetDependency */ = {
			isa = PBXTargetDependency;
			target = 2D02E47A1E0B4A5D006451C7 /* ClubeDoCavalo-tvOS */;
			targetProxy = 2D02E4911E0B4A5D006451C7 /* PBXContainerItemProxy */;
		};
/* End PBXTargetDependency section */

/* Begin PBXVariantGroup section */
		13B07FB11A68108700A75B9A /* LaunchScreen.xib */ = {
			isa = PBXVariantGroup;
			children = (
				13B07FB21A68108700A75B9A /* Base */,
			);
			name = LaunchScreen.xib;
			path = ClubeDoCavalo;
			sourceTree = "<group>";
		};
/* End PBXVariantGroup section */

/* Begin XCBuildConfiguration section */
		00E356F61AD99517003FC87E /* Debug */ = {
			isa = XCBuildConfiguration;
			buildSettings = {
				BUNDLE_LOADER = "$(TEST_HOST)";
				GCC_PREPROCESSOR_DEFINITIONS = (
					"DEBUG=1",
					"$(inherited)",
				);
				INFOPLIST_FILE = ClubeDoCavaloTests/Info.plist;
				IPHONEOS_DEPLOYMENT_TARGET = 9.0;
				LD_RUNPATH_SEARCH_PATHS = "$(inherited) @executable_path/Frameworks @loader_path/Frameworks";
				OTHER_LDFLAGS = (
					"-ObjC",
					"-lc++",
					"$(inherited)",
				);
				PRODUCT_BUNDLE_IDENTIFIER = "org.reactjs.native.example.$(PRODUCT_NAME:rfc1034identifier)";
				PRODUCT_NAME = "$(TARGET_NAME)";
				TEST_HOST = "$(BUILT_PRODUCTS_DIR)/ClubeDoCavalo.app/ClubeDoCavalo";
			};
			name = Debug;
		};
		00E356F71AD99517003FC87E /* Release */ = {
			isa = XCBuildConfiguration;
			buildSettings = {
				BUNDLE_LOADER = "$(TEST_HOST)";
				COPY_PHASE_STRIP = NO;
				INFOPLIST_FILE = ClubeDoCavaloTests/Info.plist;
				IPHONEOS_DEPLOYMENT_TARGET = 9.0;
				LD_RUNPATH_SEARCH_PATHS = "$(inherited) @executable_path/Frameworks @loader_path/Frameworks";
				OTHER_LDFLAGS = (
					"-ObjC",
					"-lc++",
					"$(inherited)",
				);
				PRODUCT_BUNDLE_IDENTIFIER = "org.reactjs.native.example.$(PRODUCT_NAME:rfc1034identifier)";
				PRODUCT_NAME = "$(TARGET_NAME)";
				TEST_HOST = "$(BUILT_PRODUCTS_DIR)/ClubeDoCavalo.app/ClubeDoCavalo";
			};
			name = Release;
		};
		13B07F941A680F5B00A75B9A /* Debug */ = {
			isa = XCBuildConfiguration;
			buildSettings = {
				ASSETCATALOG_COMPILER_APPICON_NAME = AppIcon;
				CLANG_ENABLE_MODULES = YES;
				CURRENT_PROJECT_VERSION = 1;
				ENABLE_BITCODE = NO;
				GCC_PREPROCESSOR_DEFINITIONS = (
					"$(inherited)",
					"FB_SONARKIT_ENABLED=1",
				);
				INFOPLIST_FILE = ClubeDoCavalo/Info.plist;
				LD_RUNPATH_SEARCH_PATHS = "$(inherited) @executable_path/Frameworks";
				OTHER_LDFLAGS = (
					"$(inherited)",
					"-ObjC",
					"-lc++",
				);
				PRODUCT_BUNDLE_IDENTIFIER = "org.reactjs.native.example.$(PRODUCT_NAME:rfc1034identifier)";
				PRODUCT_NAME = ClubeDoCavalo;
				SWIFT_OPTIMIZATION_LEVEL = "-Onone";
				SWIFT_VERSION = 5.0;
				VERSIONING_SYSTEM = "apple-generic";
			};
			name = Debug;
		};
		13B07F951A680F5B00A75B9A /* Release */ = {
			isa = XCBuildConfiguration;
			buildSettings = {
				ASSETCATALOG_COMPILER_APPICON_NAME = AppIcon;
				CLANG_ENABLE_MODULES = YES;
				CURRENT_PROJECT_VERSION = 1;
				INFOPLIST_FILE = ClubeDoCavalo/Info.plist;
				LD_RUNPATH_SEARCH_PATHS = "$(inherited) @executable_path/Frameworks";
				OTHER_LDFLAGS = (
					"$(inherited)",
					"-ObjC",
					"-lc++",
				);
				PRODUCT_BUNDLE_IDENTIFIER = "org.reactjs.native.example.$(PRODUCT_NAME:rfc1034identifier)";
				PRODUCT_NAME = ClubeDoCavalo;
				SWIFT_VERSION = 5.0;
				VERSIONING_SYSTEM = "apple-generic";
			};
			name = Release;
		};
		2D02E4971E0B4A5E006451C7 /* Debug */ = {
			isa = XCBuildConfiguration;
			buildSettings = {
				ASSETCATALOG_COMPILER_APPICON_NAME = "App Icon & Top Shelf Image";
				ASSETCATALOG_COMPILER_LAUNCHIMAGE_NAME = LaunchImage;
				CLANG_ANALYZER_NONNULL = YES;
				CLANG_WARN_DOCUMENTATION_COMMENTS = YES;
				CLANG_WARN_INFINITE_RECURSION = YES;
				CLANG_WARN_SUSPICIOUS_MOVE = YES;
				DEBUG_INFORMATION_FORMAT = dwarf;
				ENABLE_TESTABILITY = YES;
				GCC_NO_COMMON_BLOCKS = YES;
				INFOPLIST_FILE = "ClubeDoCavalo-tvOS/Info.plist";
				LD_RUNPATH_SEARCH_PATHS = "$(inherited) @executable_path/Frameworks";
				OTHER_LDFLAGS = (
					"$(inherited)",
					"-ObjC",
					"-lc++",
				);
				PRODUCT_BUNDLE_IDENTIFIER = "org.reactjs.native.example.ClubeDoCavalo-tvOS";
				PRODUCT_NAME = "$(TARGET_NAME)";
				SDKROOT = appletvos;
				TARGETED_DEVICE_FAMILY = 3;
				TVOS_DEPLOYMENT_TARGET = 9.2;
			};
			name = Debug;
		};
		2D02E4981E0B4A5E006451C7 /* Release */ = {
			isa = XCBuildConfiguration;
			buildSettings = {
				ASSETCATALOG_COMPILER_APPICON_NAME = "App Icon & Top Shelf Image";
				ASSETCATALOG_COMPILER_LAUNCHIMAGE_NAME = LaunchImage;
				CLANG_ANALYZER_NONNULL = YES;
				CLANG_WARN_DOCUMENTATION_COMMENTS = YES;
				CLANG_WARN_INFINITE_RECURSION = YES;
				CLANG_WARN_SUSPICIOUS_MOVE = YES;
				COPY_PHASE_STRIP = NO;
				DEBUG_INFORMATION_FORMAT = "dwarf-with-dsym";
				GCC_NO_COMMON_BLOCKS = YES;
				INFOPLIST_FILE = "ClubeDoCavalo-tvOS/Info.plist";
				LD_RUNPATH_SEARCH_PATHS = "$(inherited) @executable_path/Frameworks";
				OTHER_LDFLAGS = (
					"$(inherited)",
					"-ObjC",
					"-lc++",
				);
				PRODUCT_BUNDLE_IDENTIFIER = "org.reactjs.native.example.ClubeDoCavalo-tvOS";
				PRODUCT_NAME = "$(TARGET_NAME)";
				SDKROOT = appletvos;
				TARGETED_DEVICE_FAMILY = 3;
				TVOS_DEPLOYMENT_TARGET = 9.2;
			};
			name = Release;
		};
		2D02E4991E0B4A5E006451C7 /* Debug */ = {
			isa = XCBuildConfiguration;
			buildSettings = {
				BUNDLE_LOADER = "$(TEST_HOST)";
				CLANG_ANALYZER_NONNULL = YES;
				CLANG_WARN_DOCUMENTATION_COMMENTS = YES;
				CLANG_WARN_INFINITE_RECURSION = YES;
				CLANG_WARN_SUSPICIOUS_MOVE = YES;
				DEBUG_INFORMATION_FORMAT = dwarf;
				ENABLE_TESTABILITY = YES;
				GCC_NO_COMMON_BLOCKS = YES;
				INFOPLIST_FILE = "ClubeDoCavalo-tvOSTests/Info.plist";
				LD_RUNPATH_SEARCH_PATHS = "$(inherited) @executable_path/Frameworks @loader_path/Frameworks";
				OTHER_LDFLAGS = (
					"$(inherited)",
					"-ObjC",
					"-lc++",
				);
				PRODUCT_BUNDLE_IDENTIFIER = "org.reactjs.native.example.ClubeDoCavalo-tvOSTests";
				PRODUCT_NAME = "$(TARGET_NAME)";
				SDKROOT = appletvos;
				TEST_HOST = "$(BUILT_PRODUCTS_DIR)/ClubeDoCavalo-tvOS.app/ClubeDoCavalo-tvOS";
				TVOS_DEPLOYMENT_TARGET = 10.1;
			};
			name = Debug;
		};
		2D02E49A1E0B4A5E006451C7 /* Release */ = {
			isa = XCBuildConfiguration;
			buildSettings = {
				BUNDLE_LOADER = "$(TEST_HOST)";
				CLANG_ANALYZER_NONNULL = YES;
				CLANG_WARN_DOCUMENTATION_COMMENTS = YES;
				CLANG_WARN_INFINITE_RECURSION = YES;
				CLANG_WARN_SUSPICIOUS_MOVE = YES;
				COPY_PHASE_STRIP = NO;
				DEBUG_INFORMATION_FORMAT = "dwarf-with-dsym";
				GCC_NO_COMMON_BLOCKS = YES;
				INFOPLIST_FILE = "ClubeDoCavalo-tvOSTests/Info.plist";
				LD_RUNPATH_SEARCH_PATHS = "$(inherited) @executable_path/Frameworks @loader_path/Frameworks";
				OTHER_LDFLAGS = (
					"$(inherited)",
					"-ObjC",
					"-lc++",
				);
				PRODUCT_BUNDLE_IDENTIFIER = "org.reactjs.native.example.ClubeDoCavalo-tvOSTests";
				PRODUCT_NAME = "$(TARGET_NAME)";
				SDKROOT = appletvos;
				TEST_HOST = "$(BUILT_PRODUCTS_DIR)/ClubeDoCavalo-tvOS.app/ClubeDoCavalo-tvOS";
				TVOS_DEPLOYMENT_TARGET = 10.1;
			};
			name = Release;
		};
		83CBBA201A601CBA00E9B192 /* Debug */ = {
			isa = XCBuildConfiguration;
			buildSettings = {
				ALWAYS_SEARCH_USER_PATHS = NO;
				CLANG_ANALYZER_LOCALIZABILITY_NONLOCALIZED = YES;
				CLANG_CXX_LANGUAGE_STANDARD = "gnu++0x";
				CLANG_CXX_LIBRARY = "libc++";
				CLANG_ENABLE_MODULES = YES;
				CLANG_ENABLE_OBJC_ARC = YES;
				CLANG_WARN_BLOCK_CAPTURE_AUTORELEASING = YES;
				CLANG_WARN_BOOL_CONVERSION = YES;
				CLANG_WARN_COMMA = YES;
				CLANG_WARN_CONSTANT_CONVERSION = YES;
				CLANG_WARN_DEPRECATED_OBJC_IMPLEMENTATIONS = YES;
				CLANG_WARN_DIRECT_OBJC_ISA_USAGE = YES_ERROR;
				CLANG_WARN_EMPTY_BODY = YES;
				CLANG_WARN_ENUM_CONVERSION = YES;
				CLANG_WARN_INFINITE_RECURSION = YES;
				CLANG_WARN_INT_CONVERSION = YES;
				CLANG_WARN_NON_LITERAL_NULL_CONVERSION = YES;
				CLANG_WARN_OBJC_IMPLICIT_RETAIN_SELF = YES;
				CLANG_WARN_OBJC_LITERAL_CONVERSION = YES;
				CLANG_WARN_OBJC_ROOT_CLASS = YES_ERROR;
				CLANG_WARN_RANGE_LOOP_ANALYSIS = YES;
				CLANG_WARN_STRICT_PROTOTYPES = YES;
				CLANG_WARN_SUSPICIOUS_MOVE = YES;
				CLANG_WARN_UNREACHABLE_CODE = YES;
				CLANG_WARN__DUPLICATE_METHOD_MATCH = YES;
				"CODE_SIGN_IDENTITY[sdk=iphoneos*]" = "iPhone Developer";
				COPY_PHASE_STRIP = NO;
				ENABLE_STRICT_OBJC_MSGSEND = YES;
				ENABLE_TESTABILITY = YES;
				GCC_C_LANGUAGE_STANDARD = gnu99;
				GCC_DYNAMIC_NO_PIC = NO;
				GCC_NO_COMMON_BLOCKS = YES;
				GCC_OPTIMIZATION_LEVEL = 0;
				GCC_PREPROCESSOR_DEFINITIONS = (
					"DEBUG=1",
					"$(inherited)",
				);
				GCC_SYMBOLS_PRIVATE_EXTERN = NO;
				GCC_WARN_64_TO_32_BIT_CONVERSION = YES;
				GCC_WARN_ABOUT_RETURN_TYPE = YES_ERROR;
				GCC_WARN_UNDECLARED_SELECTOR = YES;
				GCC_WARN_UNINITIALIZED_AUTOS = YES_AGGRESSIVE;
				GCC_WARN_UNUSED_FUNCTION = YES;
				GCC_WARN_UNUSED_VARIABLE = YES;
				IPHONEOS_DEPLOYMENT_TARGET = 9.0;
				LD_RUNPATH_SEARCH_PATHS = "/usr/lib/swift $(inherited)";
				LIBRARY_SEARCH_PATHS = (
					"\"$(TOOLCHAIN_DIR)/usr/lib/swift/$(PLATFORM_NAME)\"",
					"\"$(TOOLCHAIN_DIR)/usr/lib/swift-5.0/$(PLATFORM_NAME)\"",
					"\"$(inherited)\"",
				);
				MTL_ENABLE_DEBUG_INFO = YES;
				ONLY_ACTIVE_ARCH = YES;
				SDKROOT = iphoneos;
			};
			name = Debug;
		};
		83CBBA211A601CBA00E9B192 /* Release */ = {
			isa = XCBuildConfiguration;
			buildSettings = {
				ALWAYS_SEARCH_USER_PATHS = NO;
				CLANG_ANALYZER_LOCALIZABILITY_NONLOCALIZED = YES;
				CLANG_CXX_LANGUAGE_STANDARD = "gnu++0x";
				CLANG_CXX_LIBRARY = "libc++";
				CLANG_ENABLE_MODULES = YES;
				CLANG_ENABLE_OBJC_ARC = YES;
				CLANG_WARN_BLOCK_CAPTURE_AUTORELEASING = YES;
				CLANG_WARN_BOOL_CONVERSION = YES;
				CLANG_WARN_COMMA = YES;
				CLANG_WARN_CONSTANT_CONVERSION = YES;
				CLANG_WARN_DEPRECATED_OBJC_IMPLEMENTATIONS = YES;
				CLANG_WARN_DIRECT_OBJC_ISA_USAGE = YES_ERROR;
				CLANG_WARN_EMPTY_BODY = YES;
				CLANG_WARN_ENUM_CONVERSION = YES;
				CLANG_WARN_INFINITE_RECURSION = YES;
				CLANG_WARN_INT_CONVERSION = YES;
				CLANG_WARN_NON_LITERAL_NULL_CONVERSION = YES;
				CLANG_WARN_OBJC_IMPLICIT_RETAIN_SELF = YES;
				CLANG_WARN_OBJC_LITERAL_CONVERSION = YES;
				CLANG_WARN_OBJC_ROOT_CLASS = YES_ERROR;
				CLANG_WARN_RANGE_LOOP_ANALYSIS = YES;
				CLANG_WARN_STRICT_PROTOTYPES = YES;
				CLANG_WARN_SUSPICIOUS_MOVE = YES;
				CLANG_WARN_UNREACHABLE_CODE = YES;
				CLANG_WARN__DUPLICATE_METHOD_MATCH = YES;
				"CODE_SIGN_IDENTITY[sdk=iphoneos*]" = "iPhone Developer";
				COPY_PHASE_STRIP = YES;
				ENABLE_NS_ASSERTIONS = NO;
				ENABLE_STRICT_OBJC_MSGSEND = YES;
				GCC_C_LANGUAGE_STANDARD = gnu99;
				GCC_NO_COMMON_BLOCKS = YES;
				GCC_WARN_64_TO_32_BIT_CONVERSION = YES;
				GCC_WARN_ABOUT_RETURN_TYPE = YES_ERROR;
				GCC_WARN_UNDECLARED_SELECTOR = YES;
				GCC_WARN_UNINITIALIZED_AUTOS = YES_AGGRESSIVE;
				GCC_WARN_UNUSED_FUNCTION = YES;
				GCC_WARN_UNUSED_VARIABLE = YES;
				IPHONEOS_DEPLOYMENT_TARGET = 9.0;
				LD_RUNPATH_SEARCH_PATHS = "/usr/lib/swift $(inherited)";
				LIBRARY_SEARCH_PATHS = (
					"\"$(TOOLCHAIN_DIR)/usr/lib/swift/$(PLATFORM_NAME)\"",
					"\"$(TOOLCHAIN_DIR)/usr/lib/swift-5.0/$(PLATFORM_NAME)\"",
					"\"$(inherited)\"",
				);
				MTL_ENABLE_DEBUG_INFO = NO;
				SDKROOT = iphoneos;
				VALIDATE_PRODUCT = YES;
			};
			name = Release;
		};
/* End XCBuildConfiguration section */

/* Begin XCConfigurationList section */
		00E357021AD99517003FC87E /* Build configuration list for PBXNativeTarget "ClubeDoCavaloTests" */ = {
			isa = XCConfigurationList;
			buildConfigurations = (
				00E356F61AD99517003FC87E /* Debug */,
				00E356F71AD99517003FC87E /* Release */,
			);
			defaultConfigurationIsVisible = 0;
			defaultConfigurationName = Release;
		};
		13B07F931A680F5B00A75B9A /* Build configuration list for PBXNativeTarget "ClubeDoCavalo" */ = {
			isa = XCConfigurationList;
			buildConfigurations = (
				13B07F941A680F5B00A75B9A /* Debug */,
				13B07F951A680F5B00A75B9A /* Release */,
			);
			defaultConfigurationIsVisible = 0;
			defaultConfigurationName = Release;
		};
		2D02E4BA1E0B4A5E006451C7 /* Build configuration list for PBXNativeTarget "ClubeDoCavalo-tvOS" */ = {
			isa = XCConfigurationList;
			buildConfigurations = (
				2D02E4971E0B4A5E006451C7 /* Debug */,
				2D02E4981E0B4A5E006451C7 /* Release */,
			);
			defaultConfigurationIsVisible = 0;
			defaultConfigurationName = Release;
		};
		2D02E4BB1E0B4A5E006451C7 /* Build configuration list for PBXNativeTarget "ClubeDoCavalo-tvOSTests" */ = {
			isa = XCConfigurationList;
			buildConfigurations = (
				2D02E4991E0B4A5E006451C7 /* Debug */,
				2D02E49A1E0B4A5E006451C7 /* Release */,
			);
			defaultConfigurationIsVisible = 0;
			defaultConfigurationName = Release;
		};
		83CBB9FA1A601CBA00E9B192 /* Build configuration list for PBXProject "ClubeDoCavalo" */ = {
			isa = XCConfigurationList;
			buildConfigurations = (
				83CBBA201A601CBA00E9B192 /* Debug */,
				83CBBA211A601CBA00E9B192 /* Release */,
			);
			defaultConfigurationIsVisible = 0;
			defaultConfigurationName = Release;
		};
/* End XCConfigurationList section */
	};
	rootObject = 83CBB9F71A601CBA00E9B192 /* Project object */;
}
